
Microsoft Visual Studio Solution File, Format Version 12.00
# Visual Studio Version 17
VisualStudioVersion = 17.8.34511.84
MinimumVisualStudioVersion = 10.0.40219.1
Project("{FAE04EC0-301F-11D3-BF4B-00C04F79EFBC}") = "Calculator", "Calculator.csproj", "{87410290-F761-407B-B080-FA4F7D5858CC}"
EndProject
Global
	GlobalSection(SolutionConfigurationPlatforms) = preSolution
		Debug|Any CPU = Debug|Any CPU
		Release|Any CPU = Release|Any CPU
	EndGlobalSection
	GlobalSection(ProjectConfigurationPlatforms) = postSolution
		{87410290-F761-407B-B080-FA4F7D5858CC}.Debug|Any CPU.ActiveCfg = Debug|Any CPU
		{87410290-F761-407B-B080-FA4F7D5858CC}.Debug|Any CPU.Build.0 = Debug|Any CPU
		{87410290-F761-407B-B080-FA4F7D5858CC}.Release|Any CPU.ActiveCfg = Release|Any CPU
		{87410290-F761-407B-B080-FA4F7D5858CC}.Release|Any CPU.Build.0 = Release|Any CPU
	EndGlobalSection
	GlobalSection(SolutionProperties) = preSolution
		HideSolutionNode = FALSE
	EndGlobalSection
	GlobalSection(ExtensibilityGlobals) = postSolution
		SolutionGuid = {1B3C3755-6A51-4F08-A86D-1C476BD1DB3F}
	EndGlobalSection
EndGlobal
